
Microsoft Visual Studio Solution File, Format Version 12.00
# Visual Studio Version 17
VisualStudioVersion = 17.11.35327.3
MinimumVisualStudioVersion = 10.0.40219.1
Project("{9A19103F-16F7-4668-BE54-9A1E7A4F7556}") = "UserService", "UserService\UserService.csproj", "{3982DD42-432B-4061-A7D7-0B6D9DD9B23A}"
EndProject
Project("{9A19103F-16F7-4668-BE54-9A1E7A4F7556}") = "ProductService", "ProductService\ProductService.csproj", "{19192D46-5AC3-432C-BF6F-98EC1B8AFD66}"
EndProject
Project("{FAE04EC0-301F-11D3-BF4B-00C04F79EFBC}") = "OrderService", "OrderService\OrderService.csproj", "{E91791CB-505E-4ADB-8977-CF419FF2C6E0}"
EndProject
Project("{FAE04EC0-301F-11D3-BF4B-00C04F79EFBC}") = "EventStoreService", "EventStoreService\EventStoreService.csproj", "{C85B4C80-A5F3-42F1-8A74-7EE91C1D05FC}"
EndProject

Project("{FAE04EC0-301F-11D3-BF4B-00C04F79EFBC}") = "SharedLibrary", "SharedLibrary\SharedLibrary.csproj", "{CCF220C2-05A2-4684-9092-26730B5136BE}"
EndProject
Global
	GlobalSection(SolutionConfigurationPlatforms) = preSolution
		Debug|Any CPU = Debug|Any CPU
		Release|Any CPU = Release|Any CPU
	EndGlobalSection
	GlobalSection(ProjectConfigurationPlatforms) = postSolution
		{3982DD42-432B-4061-A7D7-0B6D9DD9B23A}.Debug|Any CPU.ActiveCfg = Debug|Any CPU
		{3982DD42-432B-4061-A7D7-0B6D9DD9B23A}.Debug|Any CPU.Build.0 = Debug|Any CPU
		{3982DD42-432B-4061-A7D7-0B6D9DD9B23A}.Release|Any CPU.ActiveCfg = Release|Any CPU
		{3982DD42-432B-4061-A7D7-0B6D9DD9B23A}.Release|Any CPU.Build.0 = Release|Any CPU
		{19192D46-5AC3-432C-BF6F-98EC1B8AFD66}.Debug|Any CPU.ActiveCfg = Debug|Any CPU
		{19192D46-5AC3-432C-BF6F-98EC1B8AFD66}.Debug|Any CPU.Build.0 = Debug|Any CPU
		{19192D46-5AC3-432C-BF6F-98EC1B8AFD66}.Release|Any CPU.ActiveCfg = Release|Any CPU
		{19192D46-5AC3-432C-BF6F-98EC1B8AFD66}.Release|Any CPU.Build.0 = Release|Any CPU
		{E91791CB-505E-4ADB-8977-CF419FF2C6E0}.Debug|Any CPU.ActiveCfg = Debug|Any CPU
		{E91791CB-505E-4ADB-8977-CF419FF2C6E0}.Debug|Any CPU.Build.0 = Debug|Any CPU
		{E91791CB-505E-4ADB-8977-CF419FF2C6E0}.Release|Any CPU.ActiveCfg = Release|Any CPU
		{E91791CB-505E-4ADB-8977-CF419FF2C6E0}.Release|Any CPU.Build.0 = Release|Any CPU
		{C85B4C80-A5F3-42F1-8A74-7EE91C1D05FC}.Debug|Any CPU.ActiveCfg = Debug|Any CPU
		{C85B4C80-A5F3-42F1-8A74-7EE91C1D05FC}.Debug|Any CPU.Build.0 = Debug|Any CPU
		{C85B4C80-A5F3-42F1-8A74-7EE91C1D05FC}.Release|Any CPU.ActiveCfg = Release|Any CPU
		{C85B4C80-A5F3-42F1-8A74-7EE91C1D05FC}.Release|Any CPU.Build.0 = Release|Any CPU
		{8FBBDE27-5AD0-4FEC-974F-0D004F0EEF88}.Debug|Any CPU.ActiveCfg = Debug|Any CPU
		{8FBBDE27-5AD0-4FEC-974F-0D004F0EEF88}.Debug|Any CPU.Build.0 = Debug|Any CPU
		{8FBBDE27-5AD0-4FEC-974F-0D004F0EEF88}.Release|Any CPU.ActiveCfg = Release|Any CPU
		{8FBBDE27-5AD0-4FEC-974F-0D004F0EEF88}.Release|Any CPU.Build.0 = Release|Any CPU
		{CCF220C2-05A2-4684-9092-26730B5136BE}.Debug|Any CPU.ActiveCfg = Debug|Any CPU
		{CCF220C2-05A2-4684-9092-26730B5136BE}.Debug|Any CPU.Build.0 = Debug|Any CPU
		{CCF220C2-05A2-4684-9092-26730B5136BE}.Release|Any CPU.ActiveCfg = Release|Any CPU
		{CCF220C2-05A2-4684-9092-26730B5136BE}.Release|Any CPU.Build.0 = Release|Any CPU
	EndGlobalSection
	GlobalSection(SolutionProperties) = preSolution
		HideSolutionNode = FALSE
	EndGlobalSection
	GlobalSection(ExtensibilityGlobals) = postSolution
		SolutionGuid = {3C8BAEEF-C1F2-4176-B254-A5817DA26985}
	EndGlobalSection
EndGlobal
